
Microsoft Visual Studio Solution File, Format Version 12.00
# Visual Studio Version 17
VisualStudioVersion = 17.3.32901.215
MinimumVisualStudioVersion = 10.0.40219.1
Project("{9A19103F-16F7-4668-BE54-9A1E7A4F7556}") = "TokenizationService.Core.API", "TokenizationService.API\TokenizationService.Core.API.csproj", "{DE7CEFA1-65B5-4A66-9139-20C6F5F1FE09}"
EndProject
Project("{9A19103F-16F7-4668-BE54-9A1E7A4F7556}") = "TokenizationService.Dto", "TokenizationService.Dto\TokenizationService.Dto.csproj", "{6D382BDA-1C69-4718-80B3-6B5B395F17D2}"
EndProject
Project("{9A19103F-16F7-4668-BE54-9A1E7A4F7556}") = "TokenizationService.Proxy", "..\Toxy.Proxy\TokenizationService.Proxy.csproj", "{F72138B2-68CB-4E68-B5A3-BE27062B6BD1}"
EndProject
Project("{9A19103F-16F7-4668-BE54-9A1E7A4F7556}") = "TokenizationService.UnitTests", "..\TokenizationService.Tests\TokenizationService.UnitTests.csproj", "{32FC0D97-1ADE-4D6C-AFF6-89033D3C93FF}"
EndProject
Project("{FAE04EC0-301F-11D3-BF4B-00C04F79EFBC}") = "TokenizationService.Configuration", "TokenizationService.Configuration\TokenizationService.Configuration.csproj", "{01EDADAD-ACDF-45BE-902B-BD6A36829D23}"
EndProject
Global
	GlobalSection(SolutionConfigurationPlatforms) = preSolution
		Debug|Any CPU = Debug|Any CPU
		Release|Any CPU = Release|Any CPU
	EndGlobalSection
	GlobalSection(ProjectConfigurationPlatforms) = postSolution
		{DE7CEFA1-65B5-4A66-9139-20C6F5F1FE09}.Debug|Any CPU.ActiveCfg = Debug|Any CPU
		{DE7CEFA1-65B5-4A66-9139-20C6F5F1FE09}.Debug|Any CPU.Build.0 = Debug|Any CPU
		{DE7CEFA1-65B5-4A66-9139-20C6F5F1FE09}.Release|Any CPU.ActiveCfg = Release|Any CPU
		{DE7CEFA1-65B5-4A66-9139-20C6F5F1FE09}.Release|Any CPU.Build.0 = Release|Any CPU
		{6D382BDA-1C69-4718-80B3-6B5B395F17D2}.Debug|Any CPU.ActiveCfg = Debug|Any CPU
		{6D382BDA-1C69-4718-80B3-6B5B395F17D2}.Debug|Any CPU.Build.0 = Debug|Any CPU
		{6D382BDA-1C69-4718-80B3-6B5B395F17D2}.Release|Any CPU.ActiveCfg = Release|Any CPU
		{6D382BDA-1C69-4718-80B3-6B5B395F17D2}.Release|Any CPU.Build.0 = Release|Any CPU
		{F72138B2-68CB-4E68-B5A3-BE27062B6BD1}.Debug|Any CPU.ActiveCfg = Debug|Any CPU
		{F72138B2-68CB-4E68-B5A3-BE27062B6BD1}.Debug|Any CPU.Build.0 = Debug|Any CPU
		{F72138B2-68CB-4E68-B5A3-BE27062B6BD1}.Release|Any CPU.ActiveCfg = Release|Any CPU
		{F72138B2-68CB-4E68-B5A3-BE27062B6BD1}.Release|Any CPU.Build.0 = Release|Any CPU
		{32FC0D97-1ADE-4D6C-AFF6-89033D3C93FF}.Debug|Any CPU.ActiveCfg = Debug|Any CPU
		{32FC0D97-1ADE-4D6C-AFF6-89033D3C93FF}.Debug|Any CPU.Build.0 = Debug|Any CPU
		{32FC0D97-1ADE-4D6C-AFF6-89033D3C93FF}.Release|Any CPU.ActiveCfg = Release|Any CPU
		{32FC0D97-1ADE-4D6C-AFF6-89033D3C93FF}.Release|Any CPU.Build.0 = Release|Any CPU
		{01EDADAD-ACDF-45BE-902B-BD6A36829D23}.Debug|Any CPU.ActiveCfg = Debug|Any CPU
		{01EDADAD-ACDF-45BE-902B-BD6A36829D23}.Debug|Any CPU.Build.0 = Debug|Any CPU
		{01EDADAD-ACDF-45BE-902B-BD6A36829D23}.Release|Any CPU.ActiveCfg = Release|Any CPU
		{01EDADAD-ACDF-45BE-902B-BD6A36829D23}.Release|Any CPU.Build.0 = Release|Any CPU
	EndGlobalSection
	GlobalSection(SolutionProperties) = preSolution
		HideSolutionNode = FALSE
	EndGlobalSection
	GlobalSection(ExtensibilityGlobals) = postSolution
		SolutionGuid = {0ACA4FB0-12C2-44CB-8E42-C1EEB3EB92AE}
	EndGlobalSection
EndGlobal
